
Microsoft Visual Studio Solution File, Format Version 12.00
Project("{FAE04EC0-301F-11D3-BF4B-00C04F79EFBC}") = "ArticleService", "ArticleService\ArticleService.csproj", "{A14FC169-F41D-4D37-8420-3179A7969227}"
EndProject
Project("{FAE04EC0-301F-11D3-BF4B-00C04F79EFBC}") = "Shared", "Shared\Shared.csproj", "{55EFCE68-38C2-4212-A1A9-8A257DFD0E9F}"
EndProject
Project("{FAE04EC0-301F-11D3-BF4B-00C04F79EFBC}") = "CommentService", "CommentService\CommentService.csproj", "{1C4C63BD-9358-4C5D-95DF-7A3E37AB665C}"
EndProject
Project("{FAE04EC0-301F-11D3-BF4B-00C04F79EFBC}") = "SubscriberService", "SubscriberService\SubscriberService.csproj", "{164AFAF4-D85C-45AB-B1F8-A6531EA25597}"
EndProject
Project("{FAE04EC0-301F-11D3-BF4B-00C04F79EFBC}") = "NewsletterService", "NewsletterService\NewsletterService.csproj", "{CD8F7073-B6FB-4F39-A340-9BE730CB4EFD}"
EndProject
Project("{FAE04EC0-301F-11D3-BF4B-00C04F79EFBC}") = "ProfanityService", "ProfanityService\ProfanityService.csproj", "{697A3F00-1F60-4F6A-9257-DC51D4816BE1}"
EndProject
Project("{FAE04EC0-301F-11D3-BF4B-00C04F79EFBC}") = "PublisherService", "PublisherService\PublisherService.csproj", "{D303A410-7761-46A7-9B12-EF0813DB31BE}"
EndProject
Global
	GlobalSection(SolutionConfigurationPlatforms) = preSolution
		Debug|Any CPU = Debug|Any CPU
		Release|Any CPU = Release|Any CPU
	EndGlobalSection
	GlobalSection(ProjectConfigurationPlatforms) = postSolution
		{A14FC169-F41D-4D37-8420-3179A7969227}.Debug|Any CPU.ActiveCfg = Debug|Any CPU
		{A14FC169-F41D-4D37-8420-3179A7969227}.Debug|Any CPU.Build.0 = Debug|Any CPU
		{A14FC169-F41D-4D37-8420-3179A7969227}.Release|Any CPU.ActiveCfg = Release|Any CPU
		{A14FC169-F41D-4D37-8420-3179A7969227}.Release|Any CPU.Build.0 = Release|Any CPU
		{55EFCE68-38C2-4212-A1A9-8A257DFD0E9F}.Debug|Any CPU.ActiveCfg = Debug|Any CPU
		{55EFCE68-38C2-4212-A1A9-8A257DFD0E9F}.Debug|Any CPU.Build.0 = Debug|Any CPU
		{55EFCE68-38C2-4212-A1A9-8A257DFD0E9F}.Release|Any CPU.ActiveCfg = Release|Any CPU
		{55EFCE68-38C2-4212-A1A9-8A257DFD0E9F}.Release|Any CPU.Build.0 = Release|Any CPU
		{1C4C63BD-9358-4C5D-95DF-7A3E37AB665C}.Debug|Any CPU.ActiveCfg = Debug|Any CPU
		{1C4C63BD-9358-4C5D-95DF-7A3E37AB665C}.Debug|Any CPU.Build.0 = Debug|Any CPU
		{1C4C63BD-9358-4C5D-95DF-7A3E37AB665C}.Release|Any CPU.ActiveCfg = Release|Any CPU
		{1C4C63BD-9358-4C5D-95DF-7A3E37AB665C}.Release|Any CPU.Build.0 = Release|Any CPU
		{164AFAF4-D85C-45AB-B1F8-A6531EA25597}.Debug|Any CPU.ActiveCfg = Debug|Any CPU
		{164AFAF4-D85C-45AB-B1F8-A6531EA25597}.Debug|Any CPU.Build.0 = Debug|Any CPU
		{164AFAF4-D85C-45AB-B1F8-A6531EA25597}.Release|Any CPU.ActiveCfg = Release|Any CPU
		{164AFAF4-D85C-45AB-B1F8-A6531EA25597}.Release|Any CPU.Build.0 = Release|Any CPU
		{CD8F7073-B6FB-4F39-A340-9BE730CB4EFD}.Debug|Any CPU.ActiveCfg = Debug|Any CPU
		{CD8F7073-B6FB-4F39-A340-9BE730CB4EFD}.Debug|Any CPU.Build.0 = Debug|Any CPU
		{CD8F7073-B6FB-4F39-A340-9BE730CB4EFD}.Release|Any CPU.ActiveCfg = Release|Any CPU
		{CD8F7073-B6FB-4F39-A340-9BE730CB4EFD}.Release|Any CPU.Build.0 = Release|Any CPU
		{697A3F00-1F60-4F6A-9257-DC51D4816BE1}.Debug|Any CPU.ActiveCfg = Debug|Any CPU
		{697A3F00-1F60-4F6A-9257-DC51D4816BE1}.Debug|Any CPU.Build.0 = Debug|Any CPU
		{697A3F00-1F60-4F6A-9257-DC51D4816BE1}.Release|Any CPU.ActiveCfg = Release|Any CPU
		{697A3F00-1F60-4F6A-9257-DC51D4816BE1}.Release|Any CPU.Build.0 = Release|Any CPU
		{D303A410-7761-46A7-9B12-EF0813DB31BE}.Debug|Any CPU.ActiveCfg = Debug|Any CPU
		{D303A410-7761-46A7-9B12-EF0813DB31BE}.Debug|Any CPU.Build.0 = Debug|Any CPU
		{D303A410-7761-46A7-9B12-EF0813DB31BE}.Release|Any CPU.ActiveCfg = Release|Any CPU
		{D303A410-7761-46A7-9B12-EF0813DB31BE}.Release|Any CPU.Build.0 = Release|Any CPU
	EndGlobalSection
EndGlobal
